// !$*UTF8*$!
{
	archiveVersion = 1;
	classes = {
	};
	objectVersion = 50;
	objects = {

/* Begin PBXBuildFile section */
		F17C46E921BDB6FC003D19B4 /* AppDelegate.swift in Sources */ = {isa = PBXBuildFile; fileRef = F17C46E821BDB6FC003D19B4 /* AppDelegate.swift */; };
		F17C46EB21BDB6FC003D19B4 /* ViewController.swift in Sources */ = {isa = PBXBuildFile; fileRef = F17C46EA21BDB6FC003D19B4 /* ViewController.swift */; };
		F17C46EE21BDB6FC003D19B4 /* Main.storyboard in Resources */ = {isa = PBXBuildFile; fileRef = F17C46EC21BDB6FC003D19B4 /* Main.storyboard */; };
		F17C46F121BDB6FC003D19B4 /* calculatorBMI.xcdatamodeld in Sources */ = {isa = PBXBuildFile; fileRef = F17C46EF21BDB6FC003D19B4 /* calculatorBMI.xcdatamodeld */; };
		F17C46F321BDB6FE003D19B4 /* Assets.xcassets in Resources */ = {isa = PBXBuildFile; fileRef = F17C46F221BDB6FE003D19B4 /* Assets.xcassets */; };
		F17C46F621BDB6FE003D19B4 /* LaunchScreen.storyboard in Resources */ = {isa = PBXBuildFile; fileRef = F17C46F421BDB6FE003D19B4 /* LaunchScreen.storyboard */; };
		F17C470121BDB6FE003D19B4 /* calculatorBMITests.swift in Sources */ = {isa = PBXBuildFile; fileRef = F17C470021BDB6FE003D19B4 /* calculatorBMITests.swift */; };
		F17C470C21BDB6FE003D19B4 /* calculatorBMIUITests.swift in Sources */ = {isa = PBXBuildFile; fileRef = F17C470B21BDB6FE003D19B4 /* calculatorBMIUITests.swift */; };
/* End PBXBuildFile section */

/* Begin PBXContainerItemProxy section */
		F17C46FD21BDB6FE003D19B4 /* PBXContainerItemProxy */ = {
			isa = PBXContainerItemProxy;
			containerPortal = F17C46DD21BDB6FC003D19B4 /* Project object */;
			proxyType = 1;
			remoteGlobalIDString = F17C46E421BDB6FC003D19B4;
			remoteInfo = calculatorBMI;
		};
		F17C470821BDB6FE003D19B4 /* PBXContainerItemProxy */ = {
			isa = PBXContainerItemProxy;
			containerPortal = F17C46DD21BDB6FC003D19B4 /* Project object */;
			proxyType = 1;
			remoteGlobalIDString = F17C46E421BDB6FC003D19B4;
			remoteInfo = calculatorBMI;
		};
/* End PBXContainerItemProxy section */

/* Begin PBXFileReference section */
		F17C46E521BDB6FC003D19B4 /* calculatorBMI.app */ = {isa = PBXFileReference; explicitFileType = wrapper.application; includeInIndex = 0; path = calculatorBMI.app; sourceTree = BUILT_PRODUCTS_DIR; };
		F17C46E821BDB6FC003D19B4 /* AppDelegate.swift */ = {isa = PBXFileReference; lastKnownFileType = sourcecode.swift; path = AppDelegate.swift; sourceTree = "<group>"; };
		F17C46EA21BDB6FC003D19B4 /* ViewController.swift */ = {isa = PBXFileReference; lastKnownFileType = sourcecode.swift; path = ViewController.swift; sourceTree = "<group>"; };
		F17C46ED21BDB6FC003D19B4 /* Base */ = {isa = PBXFileReference; lastKnownFileType = file.storyboard; name = Base; path = Base.lproj/Main.storyboard; sourceTree = "<group>"; };
		F17C46F021BDB6FC003D19B4 /* calculatorBMI.xcdatamodel */ = {isa = PBXFileReference; lastKnownFileType = wrapper.xcdatamodel; path = calculatorBMI.xcdatamodel; sourceTree = "<group>"; };
		F17C46F221BDB6FE003D19B4 /* Assets.xcassets */ = {isa = PBXFileReference; lastKnownFileType = folder.assetcatalog; path = Assets.xcassets; sourceTree = "<group>"; };
		F17C46F521BDB6FE003D19B4 /* Base */ = {isa = PBXFileReference; lastKnownFileType = file.storyboard; name = Base; path = Base.lproj/LaunchScreen.storyboard; sourceTree = "<group>"; };
		F17C46F721BDB6FE003D19B4 /* Info.plist */ = {isa = PBXFileReference; lastKnownFileType = text.plist.xml; path = Info.plist; sourceTree = "<group>"; };
		F17C46FC21BDB6FE003D19B4 /* calculatorBMITests.xctest */ = {isa = PBXFileReference; explicitFileType = wrapper.cfbundle; includeInIndex = 0; path = calculatorBMITests.xctest; sourceTree = BUILT_PRODUCTS_DIR; };
		F17C470021BDB6FE003D19B4 /* calculatorBMITests.swift */ = {isa = PBXFileReference; lastKnownFileType = sourcecode.swift; path = calculatorBMITests.swift; sourceTree = "<group>"; };
		F17C470221BDB6FE003D19B4 /* Info.plist */ = {isa = PBXFileReference; lastKnownFileType = text.plist.xml; path = Info.plist; sourceTree = "<group>"; };
		F17C470721BDB6FE003D19B4 /* calculatorBMIUITests.xctest */ = {isa = PBXFileReference; explicitFileType = wrapper.cfbundle; includeInIndex = 0; path = calculatorBMIUITests.xctest; sourceTree = BUILT_PRODUCTS_DIR; };
		F17C470B21BDB6FE003D19B4 /* calculatorBMIUITests.swift */ = {isa = PBXFileReference; lastKnownFileType = sourcecode.swift; path = calculatorBMIUITests.swift; sourceTree = "<group>"; };
		F17C470D21BDB6FE003D19B4 /* Info.plist */ = {isa = PBXFileReference; lastKnownFileType = text.plist.xml; path = Info.plist; sourceTree = "<group>"; };
/* End PBXFileReference section */

/* Begin PBXFrameworksBuildPhase section */
		F17C46E221BDB6FC003D19B4 /* Frameworks */ = {
			isa = PBXFrameworksBuildPhase;
			buildActionMask = 2147483647;
			files = (
			);
			runOnlyForDeploymentPostprocessing = 0;
		};
		F17C46F921BDB6FE003D19B4 /* Frameworks */ = {
			isa = PBXFrameworksBuildPhase;
			buildActionMask = 2147483647;
			files = (
			);
			runOnlyForDeploymentPostprocessing = 0;
		};
		F17C470421BDB6FE003D19B4 /* Frameworks */ = {
			isa = PBXFrameworksBuildPhase;
			buildActionMask = 2147483647;
			files = (
			);
			runOnlyForDeploymentPostprocessing = 0;
		};
/* End PBXFrameworksBuildPhase section */

/* Begin PBXGroup section */
		F17C46DC21BDB6FC003D19B4 = {
			isa = PBXGroup;
			children = (
				F17C46E721BDB6FC003D19B4 /* calculatorBMI */,
				F17C46FF21BDB6FE003D19B4 /* calculatorBMITests */,
				F17C470A21BDB6FE003D19B4 /* calculatorBMIUITests */,
				F17C46E621BDB6FC003D19B4 /* Products */,
			);
			sourceTree = "<group>";
		};
		F17C46E621BDB6FC003D19B4 /* Products */ = {
			isa = PBXGroup;
			children = (
				F17C46E521BDB6FC003D19B4 /* calculatorBMI.app */,
				F17C46FC21BDB6FE003D19B4 /* calculatorBMITests.xctest */,
				F17C470721BDB6FE003D19B4 /* calculatorBMIUITests.xctest */,
			);
			name = Products;
			sourceTree = "<group>";
		};
		F17C46E721BDB6FC003D19B4 /* calculatorBMI */ = {
			isa = PBXGroup;
			children = (
				F17C46E821BDB6FC003D19B4 /* AppDelegate.swift */,
				F17C46EA21BDB6FC003D19B4 /* ViewController.swift */,
				F17C46EC21BDB6FC003D19B4 /* Main.storyboard */,
				F17C46F221BDB6FE003D19B4 /* Assets.xcassets */,
				F17C46F421BDB6FE003D19B4 /* LaunchScreen.storyboard */,
				F17C46F721BDB6FE003D19B4 /* Info.plist */,
				F17C46EF21BDB6FC003D19B4 /* calculatorBMI.xcdatamodeld */,
			);
			path = calculatorBMI;
			sourceTree = "<group>";
		};
		F17C46FF21BDB6FE003D19B4 /* calculatorBMITests */ = {
			isa = PBXGroup;
			children = (
				F17C470021BDB6FE003D19B4 /* calculatorBMITests.swift */,
				F17C470221BDB6FE003D19B4 /* Info.plist */,
			);
			path = calculatorBMITests;
			sourceTree = "<group>";
		};
		F17C470A21BDB6FE003D19B4 /* calculatorBMIUITests */ = {
			isa = PBXGroup;
			children = (
				F17C470B21BDB6FE003D19B4 /* calculatorBMIUITests.swift */,
				F17C470D21BDB6FE003D19B4 /* Info.plist */,
			);
			path = calculatorBMIUITests;
			sourceTree = "<group>";
		};
/* End PBXGroup section */

/* Begin PBXNativeTarget section */
		F17C46E421BDB6FC003D19B4 /* calculatorBMI */ = {
			isa = PBXNativeTarget;
			buildConfigurationList = F17C471021BDB6FE003D19B4 /* Build configuration list for PBXNativeTarget "calculatorBMI" */;
			buildPhases = (
				F17C46E121BDB6FC003D19B4 /* Sources */,
				F17C46E221BDB6FC003D19B4 /* Frameworks */,
				F17C46E321BDB6FC003D19B4 /* Resources */,
			);
			buildRules = (
			);
			dependencies = (
			);
			name = calculatorBMI;
			productName = calculatorBMI;
			productReference = F17C46E521BDB6FC003D19B4 /* calculatorBMI.app */;
			productType = "com.apple.product-type.application";
		};
		F17C46FB21BDB6FE003D19B4 /* calculatorBMITests */ = {
			isa = PBXNativeTarget;
			buildConfigurationList = F17C471321BDB6FE003D19B4 /* Build configuration list for PBXNativeTarget "calculatorBMITests" */;
			buildPhases = (
				F17C46F821BDB6FE003D19B4 /* Sources */,
				F17C46F921BDB6FE003D19B4 /* Frameworks */,
				F17C46FA21BDB6FE003D19B4 /* Resources */,
			);
			buildRules = (
			);
			dependencies = (
				F17C46FE21BDB6FE003D19B4 /* PBXTargetDependency */,
			);
			name = calculatorBMITests;
			productName = calculatorBMITests;
			productReference = F17C46FC21BDB6FE003D19B4 /* calculatorBMITests.xctest */;
			productType = "com.apple.product-type.bundle.unit-test";
		};
		F17C470621BDB6FE003D19B4 /* calculatorBMIUITests */ = {
			isa = PBXNativeTarget;
			buildConfigurationList = F17C471621BDB6FE003D19B4 /* Build configuration list for PBXNativeTarget "calculatorBMIUITests" */;
			buildPhases = (
				F17C470321BDB6FE003D19B4 /* Sources */,
				F17C470421BDB6FE003D19B4 /* Frameworks */,
				F17C470521BDB6FE003D19B4 /* Resources */,
			);
			buildRules = (
			);
			dependencies = (
				F17C470921BDB6FE003D19B4 /* PBXTargetDependency */,
			);
			name = calculatorBMIUITests;
			productName = calculatorBMIUITests;
			productReference = F17C470721BDB6FE003D19B4 /* calculatorBMIUITests.xctest */;
			productType = "com.apple.product-type.bundle.ui-testing";
		};
/* End PBXNativeTarget section */

/* Begin PBXProject section */
		F17C46DD21BDB6FC003D19B4 /* Project object */ = {
			isa = PBXProject;
			attributes = {
				LastSwiftUpdateCheck = 1010;
				LastUpgradeCheck = 1010;
				ORGANIZATIONNAME = "David Hazan";
				TargetAttributes = {
					F17C46E421BDB6FC003D19B4 = {
						CreatedOnToolsVersion = 10.1;
					};
					F17C46FB21BDB6FE003D19B4 = {
						CreatedOnToolsVersion = 10.1;
						TestTargetID = F17C46E421BDB6FC003D19B4;
					};
					F17C470621BDB6FE003D19B4 = {
						CreatedOnToolsVersion = 10.1;
						TestTargetID = F17C46E421BDB6FC003D19B4;
					};
				};
			};
			buildConfigurationList = F17C46E021BDB6FC003D19B4 /* Build configuration list for PBXProject "calculatorBMI" */;
			compatibilityVersion = "Xcode 9.3";
			developmentRegion = en;
			hasScannedForEncodings = 0;
			knownRegions = (
				en,
				Base,
			);
			mainGroup = F17C46DC21BDB6FC003D19B4;
			productRefGroup = F17C46E621BDB6FC003D19B4 /* Products */;
			projectDirPath = "";
			projectRoot = "";
			targets = (
				F17C46E421BDB6FC003D19B4 /* calculatorBMI */,
				F17C46FB21BDB6FE003D19B4 /* calculatorBMITests */,
				F17C470621BDB6FE003D19B4 /* calculatorBMIUITests */,
			);
		};
/* End PBXProject section */

/* Begin PBXResourcesBuildPhase section */
		F17C46E321BDB6FC003D19B4 /* Resources */ = {
			isa = PBXResourcesBuildPhase;
			buildActionMask = 2147483647;
			files = (
				F17C46F621BDB6FE003D19B4 /* LaunchScreen.storyboard in Resources */,
				F17C46F321BDB6FE003D19B4 /* Assets.xcassets in Resources */,
				F17C46EE21BDB6FC003D19B4 /* Main.storyboard in Resources */,
			);
			runOnlyForDeploymentPostprocessing = 0;
		};
		F17C46FA21BDB6FE003D19B4 /* Resources */ = {
			isa = PBXResourcesBuildPhase;
			buildActionMask = 2147483647;
			files = (
			);
			runOnlyForDeploymentPostprocessing = 0;
		};
		F17C470521BDB6FE003D19B4 /* Resources */ = {
			isa = PBXResourcesBuildPhase;
			buildActionMask = 2147483647;
			files = (
			);
			runOnlyForDeploymentPostprocessing = 0;
		};
/* End PBXResourcesBuildPhase section */

/* Begin PBXSourcesBuildPhase section */
		F17C46E121BDB6FC003D19B4 /* Sources */ = {
			isa = PBXSourcesBuildPhase;
			buildActionMask = 2147483647;
			files = (
				F17C46F121BDB6FC003D19B4 /* calculatorBMI.xcdatamodeld in Sources */,
				F17C46EB21BDB6FC003D19B4 /* ViewController.swift in Sources */,
				F17C46E921BDB6FC003D19B4 /* AppDelegate.swift in Sources */,
			);
			runOnlyForDeploymentPostprocessing = 0;
		};
		F17C46F821BDB6FE003D19B4 /* Sources */ = {
			isa = PBXSourcesBuildPhase;
			buildActionMask = 2147483647;
			files = (
				F17C470121BDB6FE003D19B4 /* calculatorBMITests.swift in Sources */,
			);
			runOnlyForDeploymentPostprocessing = 0;
		};
		F17C470321BDB6FE003D19B4 /* Sources */ = {
			isa = PBXSourcesBuildPhase;
			buildActionMask = 2147483647;
			files = (
				F17C470C21BDB6FE003D19B4 /* calculatorBMIUITests.swift in Sources */,
			);
			runOnlyForDeploymentPostprocessing = 0;
		};
/* End PBXSourcesBuildPhase section */

/* Begin PBXTargetDependency section */
		F17C46FE21BDB6FE003D19B4 /* PBXTargetDependency */ = {
			isa = PBXTargetDependency;
			target = F17C46E421BDB6FC003D19B4 /* calculatorBMI */;
			targetProxy = F17C46FD21BDB6FE003D19B4 /* PBXContainerItemProxy */;
		};
		F17C470921BDB6FE003D19B4 /* PBXTargetDependency */ = {
			isa = PBXTargetDependency;
			target = F17C46E421BDB6FC003D19B4 /* calculatorBMI */;
			targetProxy = F17C470821BDB6FE003D19B4 /* PBXContainerItemProxy */;
		};
/* End PBXTargetDependency section */

/* Begin PBXVariantGroup section */
		F17C46EC21BDB6FC003D19B4 /* Main.storyboard */ = {
			isa = PBXVariantGroup;
			children = (
				F17C46ED21BDB6FC003D19B4 /* Base */,
			);
			name = Main.storyboard;
			sourceTree = "<group>";
		};
		F17C46F421BDB6FE003D19B4 /* LaunchScreen.storyboard */ = {
			isa = PBXVariantGroup;
			children = (
				F17C46F521BDB6FE003D19B4 /* Base */,
			);
			name = LaunchScreen.storyboard;
			sourceTree = "<group>";
		};
/* End PBXVariantGroup section */

/* Begin XCBuildConfiguration section */
		F17C470E21BDB6FE003D19B4 /* Debug */ = {
			isa = XCBuildConfiguration;
			buildSettings = {
				ALWAYS_SEARCH_USER_PATHS = NO;
				CLANG_ANALYZER_NONNULL = YES;
				CLANG_ANALYZER_NUMBER_OBJECT_CONVERSION = YES_AGGRESSIVE;
				CLANG_CXX_LANGUAGE_STANDARD = "gnu++14";
				CLANG_CXX_LIBRARY = "libc++";
				CLANG_ENABLE_MODULES = YES;
				CLANG_ENABLE_OBJC_ARC = YES;
				CLANG_ENABLE_OBJC_WEAK = YES;
				CLANG_WARN_BLOCK_CAPTURE_AUTORELEASING = YES;
				CLANG_WARN_BOOL_CONVERSION = YES;
				CLANG_WARN_COMMA = YES;
				CLANG_WARN_CONSTANT_CONVERSION = YES;
				CLANG_WARN_DEPRECATED_OBJC_IMPLEMENTATIONS = YES;
				CLANG_WARN_DIRECT_OBJC_ISA_USAGE = YES_ERROR;
				CLANG_WARN_DOCUMENTATION_COMMENTS = YES;
				CLANG_WARN_EMPTY_BODY = YES;
				CLANG_WARN_ENUM_CONVERSION = YES;
				CLANG_WARN_INFINITE_RECURSION = YES;
				CLANG_WARN_INT_CONVERSION = YES;
				CLANG_WARN_NON_LITERAL_NULL_CONVERSION = YES;
				CLANG_WARN_OBJC_IMPLICIT_RETAIN_SELF = YES;
				CLANG_WARN_OBJC_LITERAL_CONVERSION = YES;
				CLANG_WARN_OBJC_ROOT_CLASS = YES_ERROR;
				CLANG_WARN_RANGE_LOOP_ANALYSIS = YES;
				CLANG_WARN_STRICT_PROTOTYPES = YES;
				CLANG_WARN_SUSPICIOUS_MOVE = YES;
				CLANG_WARN_UNGUARDED_AVAILABILITY = YES_AGGRESSIVE;
				CLANG_WARN_UNREACHABLE_CODE = YES;
				CLANG_WARN__DUPLICATE_METHOD_MATCH = YES;
				CODE_SIGN_IDENTITY = "iPhone Developer";
				COPY_PHASE_STRIP = NO;
				DEBUG_INFORMATION_FORMAT = dwarf;
				ENABLE_STRICT_OBJC_MSGSEND = YES;
				ENABLE_TESTABILITY = YES;
				GCC_C_LANGUAGE_STANDARD = gnu11;
				GCC_DYNAMIC_NO_PIC = NO;
				GCC_NO_COMMON_BLOCKS = YES;
				GCC_OPTIMIZATION_LEVEL = 0;
				GCC_PREPROCESSOR_DEFINITIONS = (
					"DEBUG=1",
					"$(inherited)",
				);
				GCC_WARN_64_TO_32_BIT_CONVERSION = YES;
				GCC_WARN_ABOUT_RETURN_TYPE = YES_ERROR;
				GCC_WARN_UNDECLARED_SELECTOR = YES;
				GCC_WARN_UNINITIALIZED_AUTOS = YES_AGGRESSIVE;
				GCC_WARN_UNUSED_FUNCTION = YES;
				GCC_WARN_UNUSED_VARIABLE = YES;
				IPHONEOS_DEPLOYMENT_TARGET = 12.1;
				MTL_ENABLE_DEBUG_INFO = INCLUDE_SOURCE;
				MTL_FAST_MATH = YES;
				ONLY_ACTIVE_ARCH = YES;
				SDKROOT = iphoneos;
				SWIFT_ACTIVE_COMPILATION_CONDITIONS = DEBUG;
				SWIFT_OPTIMIZATION_LEVEL = "-Onone";
			};
			name = Debug;
		};
		F17C470F21BDB6FE003D19B4 /* Release */ = {
			isa = XCBuildConfiguration;
			buildSettings = {
				ALWAYS_SEARCH_USER_PATHS = NO;
				CLANG_ANALYZER_NONNULL = YES;
				CLANG_ANALYZER_NUMBER_OBJECT_CONVERSION = YES_AGGRESSIVE;
				CLANG_CXX_LANGUAGE_STANDARD = "gnu++14";
				CLANG_CXX_LIBRARY = "libc++";
				CLANG_ENABLE_MODULES = YES;
				CLANG_ENABLE_OBJC_ARC = YES;
				CLANG_ENABLE_OBJC_WEAK = YES;
				CLANG_WARN_BLOCK_CAPTURE_AUTORELEASING = YES;
				CLANG_WARN_BOOL_CONVERSION = YES;
				CLANG_WARN_COMMA = YES;
				CLANG_WARN_CONSTANT_CONVERSION = YES;
				CLANG_WARN_DEPRECATED_OBJC_IMPLEMENTATIONS = YES;
				CLANG_WARN_DIRECT_OBJC_ISA_USAGE = YES_ERROR;
				CLANG_WARN_DOCUMENTATION_COMMENTS = YES;
				CLANG_WARN_EMPTY_BODY = YES;
				CLANG_WARN_ENUM_CONVERSION = YES;
				CLANG_WARN_INFINITE_RECURSION = YES;
				CLANG_WARN_INT_CONVERSION = YES;
				CLANG_WARN_NON_LITERAL_NULL_CONVERSION = YES;
				CLANG_WARN_OBJC_IMPLICIT_RETAIN_SELF = YES;
				CLANG_WARN_OBJC_LITERAL_CONVERSION = YES;
				CLANG_WARN_OBJC_ROOT_CLASS = YES_ERROR;
				CLANG_WARN_RANGE_LOOP_ANALYSIS = YES;
				CLANG_WARN_STRICT_PROTOTYPES = YES;
				CLANG_WARN_SUSPICIOUS_MOVE = YES;
				CLANG_WARN_UNGUARDED_AVAILABILITY = YES_AGGRESSIVE;
				CLANG_WARN_UNREACHABLE_CODE = YES;
				CLANG_WARN__DUPLICATE_METHOD_MATCH = YES;
				CODE_SIGN_IDENTITY = "iPhone Developer";
				COPY_PHASE_STRIP = NO;
				DEBUG_INFORMATION_FORMAT = "dwarf-with-dsym";
				ENABLE_NS_ASSERTIONS = NO;
				ENABLE_STRICT_OBJC_MSGSEND = YES;
				GCC_C_LANGUAGE_STANDARD = gnu11;
				GCC_NO_COMMON_BLOCKS = YES;
				GCC_WARN_64_TO_32_BIT_CONVERSION = YES;
				GCC_WARN_ABOUT_RETURN_TYPE = YES_ERROR;
				GCC_WARN_UNDECLARED_SELECTOR = YES;
				GCC_WARN_UNINITIALIZED_AUTOS = YES_AGGRESSIVE;
				GCC_WARN_UNUSED_FUNCTION = YES;
				GCC_WARN_UNUSED_VARIABLE = YES;
				IPHONEOS_DEPLOYMENT_TARGET = 12.1;
				MTL_ENABLE_DEBUG_INFO = NO;
				MTL_FAST_MATH = YES;
				SDKROOT = iphoneos;
				SWIFT_COMPILATION_MODE = wholemodule;
				SWIFT_OPTIMIZATION_LEVEL = "-O";
				VALIDATE_PRODUCT = YES;
			};
			name = Release;
		};
		F17C471121BDB6FE003D19B4 /* Debug */ = {
			isa = XCBuildConfiguration;
			buildSettings = {
				ASSETCATALOG_COMPILER_APPICON_NAME = AppIcon;
				CODE_SIGN_STYLE = Automatic;
				INFOPLIST_FILE = calculatorBMI/Info.plist;
				LD_RUNPATH_SEARCH_PATHS = (
					"$(inherited)",
					"@executable_path/Frameworks",
				);
				PRODUCT_BUNDLE_IDENTIFIER = com.identifier.calculatorBMI;
				PRODUCT_NAME = "$(TARGET_NAME)";
				SWIFT_VERSION = 4.2;
				TARGETED_DEVICE_FAMILY = "1,2";
			};
			name = Debug;
		};
		F17C471221BDB6FE003D19B4 /* Release */ = {
			isa = XCBuildConfiguration;
			buildSettings = {
				ASSETCATALOG_COMPILER_APPICON_NAME = AppIcon;
				CODE_SIGN_STYLE = Automatic;
				INFOPLIST_FILE = calculatorBMI/Info.plist;
				LD_RUNPATH_SEARCH_PATHS = (
					"$(inherited)",
					"@executable_path/Frameworks",
				);
				PRODUCT_BUNDLE_IDENTIFIER = com.identifier.calculatorBMI;
				PRODUCT_NAME = "$(TARGET_NAME)";
				SWIFT_VERSION = 4.2;
				TARGETED_DEVICE_FAMILY = "1,2";
			};
			name = Release;
		};
		F17C471421BDB6FE003D19B4 /* Debug */ = {
			isa = XCBuildConfiguration;
			buildSettings = {
				ALWAYS_EMBED_SWIFT_STANDARD_LIBRARIES = YES;
				BUNDLE_LOADER = "$(TEST_HOST)";
				CODE_SIGN_STYLE = Automatic;
				INFOPLIST_FILE = calculatorBMITests/Info.plist;
				LD_RUNPATH_SEARCH_PATHS = (
					"$(inherited)",
					"@executable_path/Frameworks",
					"@loader_path/Frameworks",
				);
				PRODUCT_BUNDLE_IDENTIFIER = com.identifier.calculatorBMITests;
				PRODUCT_NAME = "$(TARGET_NAME)";
				SWIFT_VERSION = 4.2;
				TARGETED_DEVICE_FAMILY = "1,2";
				TEST_HOST = "$(BUILT_PRODUCTS_DIR)/calculatorBMI.app/calculatorBMI";
			};
			name = Debug;
		};
		F17C471521BDB6FE003D19B4 /* Release */ = {
			isa = XCBuildConfiguration;
			buildSettings = {
				ALWAYS_EMBED_SWIFT_STANDARD_LIBRARIES = YES;
				BUNDLE_LOADER = "$(TEST_HOST)";
				CODE_SIGN_STYLE = Automatic;
				INFOPLIST_FILE = calculatorBMITests/Info.plist;
				LD_RUNPATH_SEARCH_PATHS = (
					"$(inherited)",
					"@executable_path/Frameworks",
					"@loader_path/Frameworks",
				);
				PRODUCT_BUNDLE_IDENTIFIER = com.identifier.calculatorBMITests;
				PRODUCT_NAME = "$(TARGET_NAME)";
				SWIFT_VERSION = 4.2;
				TARGETED_DEVICE_FAMILY = "1,2";
				TEST_HOST = "$(BUILT_PRODUCTS_DIR)/calculatorBMI.app/calculatorBMI";
			};
			name = Release;
		};
		F17C471721BDB6FE003D19B4 /* Debug */ = {
			isa = XCBuildConfiguration;
			buildSettings = {
				ALWAYS_EMBED_SWIFT_STANDARD_LIBRARIES = YES;
				CODE_SIGN_STYLE = Automatic;
				INFOPLIST_FILE = calculatorBMIUITests/Info.plist;
				LD_RUNPATH_SEARCH_PATHS = (
					"$(inherited)",
					"@executable_path/Frameworks",
					"@loader_path/Frameworks",
				);
				PRODUCT_BUNDLE_IDENTIFIER = com.identifier.calculatorBMIUITests;
				PRODUCT_NAME = "$(TARGET_NAME)";
				SWIFT_VERSION = 4.2;
				TARGETED_DEVICE_FAMILY = "1,2";
				TEST_TARGET_NAME = calculatorBMI;
			};
			name = Debug;
		};
		F17C471821BDB6FE003D19B4 /* Release */ = {
			isa = XCBuildConfiguration;
			buildSettings = {
				ALWAYS_EMBED_SWIFT_STANDARD_LIBRARIES = YES;
				CODE_SIGN_STYLE = Automatic;
				INFOPLIST_FILE = calculatorBMIUITests/Info.plist;
				LD_RUNPATH_SEARCH_PATHS = (
					"$(inherited)",
					"@executable_path/Frameworks",
					"@loader_path/Frameworks",
				);
				PRODUCT_BUNDLE_IDENTIFIER = com.identifier.calculatorBMIUITests;
				PRODUCT_NAME = "$(TARGET_NAME)";
				SWIFT_VERSION = 4.2;
				TARGETED_DEVICE_FAMILY = "1,2";
				TEST_TARGET_NAME = calculatorBMI;
			};
			name = Release;
		};
/* End XCBuildConfiguration section */

/* Begin XCConfigurationList section */
		F17C46E021BDB6FC003D19B4 /* Build configuration list for PBXProject "calculatorBMI" */ = {
			isa = XCConfigurationList;
			buildConfigurations = (
				F17C470E21BDB6FE003D19B4 /* Debug */,
				F17C470F21BDB6FE003D19B4 /* Release */,
			);
			defaultConfigurationIsVisible = 0;
			defaultConfigurationName = Release;
		};
		F17C471021BDB6FE003D19B4 /* Build configuration list for PBXNativeTarget "calculatorBMI" */ = {
			isa = XCConfigurationList;
			buildConfigurations = (
				F17C471121BDB6FE003D19B4 /* Debug */,
				F17C471221BDB6FE003D19B4 /* Release */,
			);
			defaultConfigurationIsVisible = 0;
			defaultConfigurationName = Release;
		};
		F17C471321BDB6FE003D19B4 /* Build configuration list for PBXNativeTarget "calculatorBMITests" */ = {
			isa = XCConfigurationList;
			buildConfigurations = (
				F17C471421BDB6FE003D19B4 /* Debug */,
				F17C471521BDB6FE003D19B4 /* Release */,
			);
			defaultConfigurationIsVisible = 0;
			defaultConfigurationName = Release;
		};
		F17C471621BDB6FE003D19B4 /* Build configuration list for PBXNativeTarget "calculatorBMIUITests" */ = {
			isa = XCConfigurationList;
			buildConfigurations = (
				F17C471721BDB6FE003D19B4 /* Debug */,
				F17C471821BDB6FE003D19B4 /* Release */,
			);
			defaultConfigurationIsVisible = 0;
			defaultConfigurationName = Release;
		};
/* End XCConfigurationList section */

/* Begin XCVersionGroup section */
		F17C46EF21BDB6FC003D19B4 /* calculatorBMI.xcdatamodeld */ = {
			isa = XCVersionGroup;
			children = (
				F17C46F021BDB6FC003D19B4 /* calculatorBMI.xcdatamodel */,
			);
			currentVersion = F17C46F021BDB6FC003D19B4 /* calculatorBMI.xcdatamodel */;
			path = calculatorBMI.xcdatamodeld;
			sourceTree = "<group>";
			versionGroupType = wrapper.xcdatamodel;
		};
/* End XCVersionGroup section */
	};
	rootObject = F17C46DD21BDB6FC003D19B4 /* Project object */;
}
